PODS:
  - Alamofire (5.5.0)
  - SkeletonView (1.30.4)

DEPENDENCIES:
  - Alamofire
  - SkeletonView

SPEC REPOS:
  trunk:
    - Alamofire
    - SkeletonView

SPEC CHECKSUMS:
  Alamofire: 1c4fb5369c3fe93d2857c780d8bbe09f06f97e7c
  SkeletonView: 5a050f6411e697abd4cda0a8d767013399dccd69

PODFILE CHECKSUM: 178e25366a8c67dd5e2ae7c4c9d01c9bbd6e9ed9

COCOAPODS: 1.11.3
